{
  "originHash" : "e0d3cc2587f6bfb9c6adcea17598b8dd5fe01ff7c9e089b5e136f58566db9d51",
  "pins" : [
    {
      "identity" : "client-sdk-swift",
      "kind" : "remoteSourceControl",
      "location" : "https://github.com/livekit/client-sdk-swift.git",
      "state" : {
        "revision" : "f07831a7f06bca9e2fc2e136db591b7b42f16d8d",
        "version" : "2.17.0"
      }
    },
    {
      "identity" : "livekit-uniffi-xcframework",
      "kind" : "remoteSourceControl",
      "location" : "https://github.com/livekit/livekit-uniffi-xcframework.git",
      "state" : {
        "revision" : "7a9bf91b1601d5c408ae0cac7dc2047b5a4f615e",
        "version" : "0.1.9"
      }
    },
    {
      "identity" : "matrix-rust-components-swift",
      "kind" : "remoteSourceControl",
      "location" : "https://github.com/element-hq/matrix-rust-components-swift.git",
      "state" : {
        "revision" : "7605a7b64a7a3219a82c36a95f37b79b6de204ca",
        "version" : "26.9.17"
      }
    },
    {
      "identity" : "webrtc-xcframework",
      "kind" : "remoteSourceControl",
      "location" : "https://github.com/livekit/webrtc-xcframework.git",
      "state" : {
        "revision" : "c73deceaddd9c07293871ae28f24d4326cc86d62",
        "version" : "150.7871.2"
      }
    }
  ],
  "version" : 3
}
